lockfileVersion: '9.0'

settings:
  autoInstallPeers: true
  excludeLinksFromLockfile: false

importers:

  .:
    devDependencies:
      turbo:
        specifier: ^2.3.2
        version: 2.3.2

  packages/core:
    dependencies:
      '@mauchise/anyplug':
        specifier: link:d:/Mauchise/AnyPlug
        version: link:../../../AnyPlug

packages:

  turbo-darwin-64@2.3.2:
    resolution: {integrity: sha512-B1lS/UqjXNsG+kx1uzJNwXMuw2i5wavcyNy8opvSLjfuECdsqQU9B1wPqkSTU+mZjFTJcEfiGKyJ/I2EVk8vdw==}
    cpu: [x64]
    os: [darwin]

  turbo-darwin-arm64@2.3.2:
    resolution: {integrity: sha512-XHeuEdk9tHaw2Bsr3rTzFtZyldeSyagDZkOSPIJ1zioavMjWEFPA75vdgy4j8ns96EBpZMaPXVEnODuEHfiZfQ==}
    cpu: [arm64]
    os: [darwin]

  turbo-linux-64@2.3.2:
    resolution: {integrity: sha512-oKDsO5+flqpPx5tNLFGVUYpJ/sBc3KvaGpyNzXl2u3epzyafgblFKWMG5YsSiU1ruouPpcC6YG5SN5chA7Abfg==}
    cpu: [x64]
    os: [linux]

  turbo-linux-arm64@2.3.2:
    resolution: {integrity: sha512-luyvTl3wQ1hF+ljK7ljH4TL7rg4pmx5pQ2mzvfMvPo5eaLuKr/tImmbdH6/vr56iffUIISkIsLVhVxgZeAsUOw==}
    cpu: [arm64]
    os: [linux]

  turbo-windows-64@2.3.2:
    resolution: {integrity: sha512-yw7BnTU5cE7GdUnZEW3jIAI98hh4dcWk+Jwza8X7CXpxpill2zteq7VPf+a/B3o/xm+oVXzLmP83YP91Bm0SaA==}
    cpu: [x64]
    os: [win32]

  turbo-windows-arm64@2.3.2:
    resolution: {integrity: sha512-Hgp6V7jaIYlDcy5xpKN+XXyYCf5afT690GmXcEsMoUawd5dStvZe0QHWcGxuqho497BAlx0XGAWftm0KelNePA==}
    cpu: [arm64]
    os: [win32]

  turbo@2.3.2:
    resolution: {integrity: sha512-vCJPoy8/3KkqY3W0cX2nrwhmtBQSZhEyrVgeJ4NlEXwGxu5vNRQDyV6se5VVAQMwfBsBJswlo87B7ai7Dr1MpQ==}
    hasBin: true

snapshots:

  turbo-darwin-64@2.3.2:
    optional: true

  turbo-darwin-arm64@2.3.2:
    optional: true

  turbo-linux-64@2.3.2:
    optional: true

  turbo-linux-arm64@2.3.2:
    optional: true

  turbo-windows-64@2.3.2:
    optional: true

  turbo-windows-arm64@2.3.2:
    optional: true

  turbo@2.3.2:
    optionalDependencies:
      turbo-darwin-64: 2.3.2
      turbo-darwin-arm64: 2.3.2
      turbo-linux-64: 2.3.2
      turbo-linux-arm64: 2.3.2
      turbo-windows-64: 2.3.2
      turbo-windows-arm64: 2.3.2
